
Microsoft Visual Studio Solution File, Format Version 12.00
# Visual Studio Version 17
VisualStudioVersion = 17.4.33213.308
MinimumVisualStudioVersion = 10.0.40219.1
Project("{FAE04EC0-301F-11D3-BF4B-00C04F79EFBC}") = "SUS.HTTP", "SUS.HTTP\SUS.HTTP.csproj", "{1AD86AA6-E607-42EF-BB93-717AB4D73D96}"
EndProject
Project("{FAE04EC0-301F-11D3-BF4B-00C04F79EFBC}") = "SUS.MvcFramework", "SUS.MvcFramework\SUS.MvcFramework.csproj", "{1EF7628A-CD13-49BD-BE84-03AFF2A3CE34}"
EndProject
Project("{2150E333-8FDC-42A3-9474-1A3956D46DE8}") = "Apps", "Apps", "{54D5E8DB-1674-49A2-B39E-B7E317AFBFCF}"
EndProject
Project("{FAE04EC0-301F-11D3-BF4B-00C04F79EFBC}") = "MyFirstMvcApp", "MyFirstMvcApp\MyFirstMvcApp.csproj", "{5785F921-643E-4E64-A663-F6D3D7C22258}"
EndProject
Global
	GlobalSection(SolutionConfigurationPlatforms) = preSolution
		Debug|Any CPU = Debug|Any CPU
		Release|Any CPU = Release|Any CPU
	EndGlobalSection
	GlobalSection(ProjectConfigurationPlatforms) = postSolution
		{1AD86AA6-E607-42EF-BB93-717AB4D73D96}.Debug|Any CPU.ActiveCfg = Debug|Any CPU
		{1AD86AA6-E607-42EF-BB93-717AB4D73D96}.Debug|Any CPU.Build.0 = Debug|Any CPU
		{1AD86AA6-E607-42EF-BB93-717AB4D73D96}.Release|Any CPU.ActiveCfg = Release|Any CPU
		{1AD86AA6-E607-42EF-BB93-717AB4D73D96}.Release|Any CPU.Build.0 = Release|Any CPU
		{1EF7628A-CD13-49BD-BE84-03AFF2A3CE34}.Debug|Any CPU.ActiveCfg = Debug|Any CPU
		{1EF7628A-CD13-49BD-BE84-03AFF2A3CE34}.Debug|Any CPU.Build.0 = Debug|Any CPU
		{1EF7628A-CD13-49BD-BE84-03AFF2A3CE34}.Release|Any CPU.ActiveCfg = Release|Any CPU
		{1EF7628A-CD13-49BD-BE84-03AFF2A3CE34}.Release|Any CPU.Build.0 = Release|Any CPU
		{5785F921-643E-4E64-A663-F6D3D7C22258}.Debug|Any CPU.ActiveCfg = Debug|Any CPU
		{5785F921-643E-4E64-A663-F6D3D7C22258}.Debug|Any CPU.Build.0 = Debug|Any CPU
		{5785F921-643E-4E64-A663-F6D3D7C22258}.Release|Any CPU.ActiveCfg = Release|Any CPU
		{5785F921-643E-4E64-A663-F6D3D7C22258}.Release|Any CPU.Build.0 = Release|Any CPU
	EndGlobalSection
	GlobalSection(SolutionProperties) = preSolution
		HideSolutionNode = FALSE
	EndGlobalSection
	GlobalSection(NestedProjects) = preSolution
		{5785F921-643E-4E64-A663-F6D3D7C22258} = {54D5E8DB-1674-49A2-B39E-B7E317AFBFCF}
	EndGlobalSection
	GlobalSection(ExtensibilityGlobals) = postSolution
		SolutionGuid = {B4E7CB4A-C158-4B89-B0A6-F9EC7C51AF3E}
	EndGlobalSection
EndGlobal
