
Microsoft Visual Studio Solution File, Format Version 12.00
# Visual Studio Version 17
VisualStudioVersion = 17.6.33723.286
MinimumVisualStudioVersion = 10.0.40219.1
Project("{FAE04EC0-301F-11D3-BF4B-00C04F79EFBC}") = "MagicCardsHub", "MagicCardsHub\MagicCardsHub.csproj", "{C053F9B5-1FF6-482F-B8AE-DC85A377A39D}"
EndProject
Project("{FAE04EC0-301F-11D3-BF4B-00C04F79EFBC}") = "MagicCardsHub.Domain", "MagicCardsHub.Domain\MagicCardsHub.Domain.csproj", "{7D4773FA-EF04-43FC-A482-04AA80661E76}"
EndProject
Project("{FAE04EC0-301F-11D3-BF4B-00C04F79EFBC}") = "MagicCardsHub.Data", "MagicCardsHub.Data\MagicCardsHub.Data.csproj", "{EDB3AA4F-D326-4471-BF2B-2B1512AB0235}"
EndProject
Global
	GlobalSection(SolutionConfigurationPlatforms) = preSolution
		Debug|Any CPU = Debug|Any CPU
		Release|Any CPU = Release|Any CPU
	EndGlobalSection
	GlobalSection(ProjectConfigurationPlatforms) = postSolution
		{C053F9B5-1FF6-482F-B8AE-DC85A377A39D}.Debug|Any CPU.ActiveCfg = Debug|Any CPU
		{C053F9B5-1FF6-482F-B8AE-DC85A377A39D}.Debug|Any CPU.Build.0 = Debug|Any CPU
		{C053F9B5-1FF6-482F-B8AE-DC85A377A39D}.Release|Any CPU.ActiveCfg = Release|Any CPU
		{C053F9B5-1FF6-482F-B8AE-DC85A377A39D}.Release|Any CPU.Build.0 = Release|Any CPU
		{7D4773FA-EF04-43FC-A482-04AA80661E76}.Debug|Any CPU.ActiveCfg = Debug|Any CPU
		{7D4773FA-EF04-43FC-A482-04AA80661E76}.Debug|Any CPU.Build.0 = Debug|Any CPU
		{7D4773FA-EF04-43FC-A482-04AA80661E76}.Release|Any CPU.ActiveCfg = Release|Any CPU
		{7D4773FA-EF04-43FC-A482-04AA80661E76}.Release|Any CPU.Build.0 = Release|Any CPU
		{EDB3AA4F-D326-4471-BF2B-2B1512AB0235}.Debug|Any CPU.ActiveCfg = Debug|Any CPU
		{EDB3AA4F-D326-4471-BF2B-2B1512AB0235}.Debug|Any CPU.Build.0 = Debug|Any CPU
		{EDB3AA4F-D326-4471-BF2B-2B1512AB0235}.Release|Any CPU.ActiveCfg = Release|Any CPU
		{EDB3AA4F-D326-4471-BF2B-2B1512AB0235}.Release|Any CPU.Build.0 = Release|Any CPU
	EndGlobalSection
	GlobalSection(SolutionProperties) = preSolution
		HideSolutionNode = FALSE
	EndGlobalSection
	GlobalSection(ExtensibilityGlobals) = postSolution
		SolutionGuid = {7F7454D8-AFF0-4F68-832B-709C763072C8}
	EndGlobalSection
EndGlobal
